// !$*UTF8*$!
{
	archiveVersion = 1;
	classes = {
	};
	objectVersion = 46;
	objects = {
/* Begin PBXBuildFile section */
		0207DA581B56EA530066E2B4 /* Images.xcassets in Resources */ = {isa = PBXBuildFile; fileRef = 0207DA571B56EA530066E2B4 /* Images.xcassets */; };
		090FD1595523480A91E70DEB /* sqlite3.c in Sources */ = {isa = PBXBuildFile; fileRef = 1B525D36FE514D1BA5B92340 /* sqlite3.c */; settings = {COMPILER_FLAGS = "-w -DSQLITE_THREADSAFE=1 -DSQLITE_DEFAULT_SYNCHRONOUS=3 -DSQLITE_DEFAULT_MEMSTATUS=0 -DSQLITE_OMIT_DECLTYPE -DSQLITE_OMIT_DEPRECATED -DSQLITE_OMIT_PROGRESS_CALLBACK -DSQLITE_OMIT_SHARED_CACHE -DSQLITE_TEMP_STORE=2 -DSQLITE_OMIT_LOAD_EXTENSION -DSQLITE_ENABLE_FTS3 -DSQLITE_ENABLE_FTS3_PARENTHESIS -DSQLITE_ENABLE_FTS4 -DSQLITE_ENABLE_RTREE -DSQLITE_DEFAULT_PAGE_SIZE=1024 -DSQLITE_DEFAULT_CACHE_SIZE=2000"; }; };
		0948BFD8C03D448B9A03C55D /* UniversalAnalyticsPlugin.m in Sources */ = {isa = PBXBuildFile; fileRef = B4EFBD36754B4CBBA240D469 /* UniversalAnalyticsPlugin.m */; };
		0C0A90D409F743B2B5734FB6 /* AppDelegate+CULPlugin.m in Sources */ = {isa = PBXBuildFile; fileRef = 6871AC01C90240119F0548D5 /* AppDelegate+CULPlugin.m */; };
		0FF96415BC5C4470B02FF885 /* Bolts.framework in Frameworks */ = {isa = PBXBuildFile; fileRef = 24636182E23A41A0B0BFD102 /* Bolts.framework */; };
		115C48F520BD4A36BC737F83 /* CDVInvokedUrlCommand+CULPlugin.m in Sources */ = {isa = PBXBuildFile; fileRef = 00435DE6EBDB4E4DA92A3BC1 /* CDVInvokedUrlCommand+CULPlugin.m */; };
		14403E4AB1564C13973DC851 /* NSBundle+CULPlugin.m in Sources */ = {isa = PBXBuildFile; fileRef = 60050B6949E4411F8B4872BE /* NSBundle+CULPlugin.m */; };
		19C5366C5A134873B38BCAA7 /* UIImage+CropScaleOrientation.m in Sources */ = {isa = PBXBuildFile; fileRef = 936B8B8EAF2E4D4394499039 /* UIImage+CropScaleOrientation.m */; };
		1A387250673940CE9C8EE069 /* AVFoundation.framework in Frameworks */ = {isa = PBXBuildFile; fileRef = 33FAAD70607041A2AF3C66CA /* AVFoundation.framework */; };
		1D3623260D0F684500981E51 /* AppDelegate.m in Sources */ = {isa = PBXBuildFile; fileRef = 1D3623250D0F684500981E51 /* AppDelegate.m */; };
		1D60589B0D05DD56006BFB54 /* main.m in Sources */ = {isa = PBXBuildFile; fileRef = 29B97316FDCFA39411CA2CEA /* main.m */; };
		1F23F83EAB6B40348F57326B /* CULConfigJsonParser.m in Sources */ = {isa = PBXBuildFile; fileRef = D4097F9F0E244288B910ED3A /* CULConfigJsonParser.m */; };
		1FCBC356F99547928B41BCA9 /* CDVViewController+SplashScreen.m in Sources */ = {isa = PBXBuildFile; fileRef = 30929EFD5E7544379C27DEED /* CDVViewController+SplashScreen.m */; };
		228F421D4E1F484B81761E8F /* SQLitePlugin.m in Sources */ = {isa = PBXBuildFile; fileRef = DF5F7B9C023140A4979275C1 /* SQLitePlugin.m */; };
		301BF552109A68D80062928A /* libCordova.a in Frameworks */ = {isa = PBXBuildFile; fileRef = 301BF535109A57CC0062928A /* libCordova.a */; };
		302D95F114D2391D003F00A1 /* MainViewController.m in Sources */ = {isa = PBXBuildFile; fileRef = 302D95EF14D2391D003F00A1 /* MainViewController.m */; };
		302D95F214D2391D003F00A1 /* MainViewController.xib in Resources */ = {isa = PBXBuildFile; fileRef = 302D95F014D2391D003F00A1 /* MainViewController.xib */; };
		309403DC5576430CAA755BE3 /* CULPath.m in Sources */ = {isa = PBXBuildFile; fileRef = C425E467985940868AA1FA90 /* CULPath.m */; };
		323C3064562449A48E99A52E /* ActionSheet.m in Sources */ = {isa = PBXBuildFile; fileRef = 7D9D295984604961803EA12E /* ActionSheet.m */; };
		360D5D26DBC347D4A20A1B96 /* libz.dylib in Frameworks */ = {isa = PBXBuildFile; fileRef = AE7B5912829E425F94B05B55 /* libz.dylib */; };
		3CC281B25C254A54825451E6 /* CoreTelephony.framework in Frameworks */ = {isa = PBXBuildFile; fileRef = 60AEB297D531433EB9376F5F /* CoreTelephony.framework */; };
		3EB8C912939C40FB86D51D82 /* CDVLocation.m in Sources */ = {isa = PBXBuildFile; fileRef = 6C056F776BD74FBDAB185C81 /* CDVLocation.m */; };
		43DA031A31914434A8A79210 /* CDVStatusBar.m in Sources */ = {isa = PBXBuildFile; fileRef = 7D6CD76CDDEA45509EF8E1BC /* CDVStatusBar.m */; };
		4682764DCD7E48B0B4201AA6 /* libz.tbd in Frameworks */ = {isa = PBXBuildFile; fileRef = 2FD6BAFC60AF4347A9CD8C74 /* libz.tbd */; };
		4A05D5B5AB6B469C888626EC /* CDVNotification.m in Sources */ = {isa = PBXBuildFile; fileRef = AEC83A3C47EB48CB876AA2AE /* CDVNotification.m */; };
		4A57243E62214A34B4F6322A /* CDVDevice.m in Sources */ = {isa = PBXBuildFile; fileRef = 13EB6056C30D4E94AF8FA9DA /* CDVDevice.m */; };
		4E1D4390C0F64ECB8E116ECF /* libsqlite3.dylib in Frameworks */ = {isa = PBXBuildFile; fileRef = 1DC1CC3BD6A54105B363F5CF /* libsqlite3.dylib */; };
		50174B766D71468BAF036307 /* OneSignalPush.m in Sources */ = {isa = PBXBuildFile; fileRef = B4355C609AEE4E8CAECD88F0 /* OneSignalPush.m */; };
		555C278F9DE54381A3C374E7 /* SafariServices.framework in Frameworks */ = {isa = PBXBuildFile; fileRef = 53B86006F5C74C168C35A599 /* SafariServices.framework */; settings = {ATTRIBUTES = (Weak, ); }; };
		649DA4FE7DE44749A155B3C3 /* CULPlugin.m in Sources */ = {isa = PBXBuildFile; fileRef = 3578292236544539A0EB1BF1 /* CULPlugin.m */; };
		6773C216CBCA422BB5DE4D16 /* libGoogleAnalyticsServices.a in Frameworks */ = {isa = PBXBuildFile; fileRef = CD363D0E16B04E96806EEAAB /* libGoogleAnalyticsServices.a */; };
		69A47A8EF4384E9F896A347B /* FBSDKCoreKit.framework in Frameworks */ = {isa = PBXBuildFile; fileRef = A963B5779A5E4F55BD1FE8AF /* FBSDKCoreKit.framework */; };
		6AFF5BF91D6E424B00AB3073 /* CDVLaunchScreen.storyboard in Resources */ = {isa = PBXBuildFile; fileRef = 6AFF5BF81D6E424B00AB3073 /* CDVLaunchScreen.storyboard */; };
		6D82B366E9CF4A5E9245E9A1 /* libAdIdAccess.a in Frameworks */ = {isa = PBXBuildFile; fileRef = BE1A837E1EBF4AE687572D9E /* libAdIdAccess.a */; };
		6E6E3E5F434747E1B36AD7FF /* SpinnerPlugin.m in Sources */ = {isa = PBXBuildFile; fileRef = 3BCA6558F17645D79F3A0C04 /* SpinnerPlugin.m */; };
		6F7E7B726D604AF0BC71CAEB /* CULConfigXmlParser.m in Sources */ = {isa = PBXBuildFile; fileRef = B749E46A04864502886951BA /* CULConfigXmlParser.m */; };
		70DED530FC35489EB384E9A6 /* AudioToolbox.framework in Frameworks */ = {isa = PBXBuildFile; fileRef = B5EEAF3669554B5E9C995062 /* AudioToolbox.framework */; settings = {ATTRIBUTES = (Weak, ); }; };
		7363B33A6D0844F69AA9B51C /* CDVCamera.m in Sources */ = {isa = PBXBuildFile; fileRef = 37C7FA954B134A3DA2AAA8EA /* CDVCamera.m */; };
		7E9A87D5894E4138B009EACF /* Dezling.entitlements in Resources */ = {isa = PBXBuildFile; fileRef = 2D35B4B77C41481B800749FB /* Dezling.entitlements */; };
		853C3C7FE2BE4794AAC75664 /* CBTBrowserTab.m in Sources */ = {isa = PBXBuildFile; fileRef = C931B4CB89234CC785B5B006 /* CBTBrowserTab.m */; };
		91CF02B71F1C48989285DF95 /* AdSupport.framework in Frameworks */ = {isa = PBXBuildFile; fileRef = 94B7C3B14F834DB3BC6FF6CC /* AdSupport.framework */; };
		99F303A17A2B4B70ABC92727 /* SystemConfiguration.framework in Frameworks */ = {isa = PBXBuildFile; fileRef = 1AE35611F6E54C1981D57A12 /* SystemConfiguration.framework */; };
		9DD8EEB34D3C4BC0B206DD11 /* CDVConnection.m in Sources */ = {isa = PBXBuildFile; fileRef = 37935549F3A74D21B7F41BDF /* CDVConnection.m */; };
		A438FB7E4E8D4154A5E30545 /* CDVBuildInfo.m in Sources */ = {isa = PBXBuildFile; fileRef = 0AE0995AA5C548AE8F04D0AA /* CDVBuildInfo.m */; };
		A6F63FF08A3E44B0B05D8E6F /* MBProgressHUD.m in Sources */ = {isa = PBXBuildFile; fileRef = 111BFF24BEE8479B80FB96DF /* MBProgressHUD.m */; };
		ABE217B76C5849D5A86F4690 /* FBSDKShareKit.framework in Frameworks */ = {isa = PBXBuildFile; fileRef = 25B8A35EC5BD48148F5069FA /* FBSDKShareKit.framework */; };
		ABF0E996EB4648268F070EE8 /* IonicKeyboard.m in Sources */ = {isa = PBXBuildFile; fileRef = C0D9D9063DAB4296B9F89B2F /* IonicKeyboard.m */; };
		B0A632AB04A447D891E193A1 /* CDVPluginResult+CULPlugin.m in Sources */ = {isa = PBXBuildFile; fileRef = 809462C7718A46C7868B2962 /* CDVPluginResult+CULPlugin.m */; };
		B1DE38948E6A4EE19A990576 /* CDVNotification.bundle in Resources */ = {isa = PBXBuildFile; fileRef = F297FE272E8B476E8B1407FB /* CDVNotification.bundle */; };
		B8062C747A27484987065807 /* CULHost.m in Sources */ = {isa = PBXBuildFile; fileRef = B03327DD34094A51A4D79615 /* CULHost.m */; };
		BCF19584CEBC459D9222CBD2 /* CULXmlTags.m in Sources */ = {isa = PBXBuildFile; fileRef = EE88EC8709D5499FAE200759 /* CULXmlTags.m */; };
		C53604A0B1FE423B810A3708 /* CDVReachability.m in Sources */ = {isa = PBXBuildFile; fileRef = 497EB85021E143938A5512A5 /* CDVReachability.m */; };
		C758463C67DC4A93B16E04DE /* CoreData.framework in Frameworks */ = {isa = PBXBuildFile; fileRef = 5B93D24B562241299DEE6C5A /* CoreData.framework */; };
		C8092C263CDF41DC9C80ED32 /* CoreLocation.framework in Frameworks */ = {isa = PBXBuildFile; fileRef = 9CAB721DFC904700BEA1B494 /* CoreLocation.framework */; };
		D4E939ADFCDA40728B8F7BFA /* PSPDFThreadSafeMutableDictionary.m in Sources */ = {isa = PBXBuildFile; fileRef = B827C89AD5EC4DF08C7DE298 /* PSPDFThreadSafeMutableDictionary.m */; settings = {COMPILER_FLAGS = "-w"; }; };
		D784837F7E034CA0858A52D5 /* FacebookConnectPlugin.m in Sources */ = {isa = PBXBuildFile; fileRef = CD1927909E974DD293A79859 /* FacebookConnectPlugin.m */; };
		DDFC8C8F0598434B8F12703C /* FBSDKLoginKit.framework in Frameworks */ = {isa = PBXBuildFile; fileRef = E2A02799625C46C6A6862D94 /* FBSDKLoginKit.framework */; };
		E100B1F036324089B5A99988 /* CDVInAppBrowser.m in Sources */ = {isa = PBXBuildFile; fileRef = 892A6DDF80B745D5AFA1CB9E /* CDVInAppBrowser.m */; };
		EE3D7F5E7BC94AB9A0EBE444 /* CDVJpegHeaderWriter.m in Sources */ = {isa = PBXBuildFile; fileRef = 22372EC6BDB843C487DCC718 /* CDVJpegHeaderWriter.m */; };
		F6D28705F38A43BFAE2DE7E5 /* ImageIO.framework in Frameworks */ = {isa = PBXBuildFile; fileRef = 5FA5CF50A12C43D29CCF93D6 /* ImageIO.framework */; settings = {ATTRIBUTES = (Weak, ); }; };
		FAD483CF25C24A3298E2EEDA /* APPBadge.m in Sources */ = {isa = PBXBuildFile; fileRef = 90322A2156A74A7D8FCF1C6C /* APPBadge.m */; };
		FDE994446C384829B84AD175 /* CDVSplashScreen.m in Sources */ = {isa = PBXBuildFile; fileRef = 704D491ED65C48EBACC47040 /* CDVSplashScreen.m */; };
/* End PBXBuildFile section */

/* Begin PBXContainerItemProxy section */
		301BF534109A57CC0062928A /* PBXContainerItemProxy */ = {
			isa = PBXContainerItemProxy;
			containerPortal = 301BF52D109A57CC0062928A /* CordovaLib/CordovaLib.xcodeproj */;
			proxyType = 2;
			remoteGlobalIDString = D2AAC07E0554694100DB518D;
			remoteInfo = CordovaLib;
		};
		301BF550109A68C00062928A /* PBXContainerItemProxy */ = {
			isa = PBXContainerItemProxy;
			containerPortal = 301BF52D109A57CC0062928A /* CordovaLib/CordovaLib.xcodeproj */;
			proxyType = 1;
			remoteGlobalIDString = D2AAC07D0554694100DB518D;
			remoteInfo = CordovaLib;
		};
		468884DD21157566003BCD6D /* PBXContainerItemProxy */ = {
			isa = PBXContainerItemProxy;
			containerPortal = 301BF52D109A57CC0062928A /* CordovaLib/CordovaLib.xcodeproj */;
			proxyType = 2;
			remoteGlobalIDString = C0C01EB21E3911D50056E6CB;
			remoteInfo = Cordova;
		};
/* End PBXContainerItemProxy section */

/* Begin PBXFileReference section */
		00435DE6EBDB4E4DA92A3BC1 /* CDVInvokedUrlCommand+CULPlugin.m */ = {isa = PBXFileReference; explicitFileType = undefined; fileEncoding = 4; includeInIndex = 0; lastKnownFileType = sourcecode.c.objc; name = "CDVInvokedUrlCommand+CULPlugin.m"; path = "cordova-universal-links-plugin/JS/CDVInvokedUrlCommand+CULPlugin.m"; sourceTree = "<group>"; };
		0207DA571B56EA530066E2B4 /* Images.xcassets */ = {isa = PBXFileReference; lastKnownFileType = folder.assetcatalog; name = Images.xcassets; path = Dezling/Images.xcassets; sourceTree = SOURCE_ROOT; };
		058EF1DFB76641E9A03C339B /* FacebookConnectPlugin.h */ = {isa = PBXFileReference; explicitFileType = undefined; fileEncoding = 4; includeInIndex = 0; lastKnownFileType = sourcecode.c.h; name = FacebookConnectPlugin.h; path = "cordova-plugin-facebook4/FacebookConnectPlugin.h"; sourceTree = "<group>"; };
		06CC9922FE8B4B2FB1927009 /* GAIDictionaryBuilder.h */ = {isa = PBXFileReference; explicitFileType = undefined; fileEncoding = 4; includeInIndex = 0; lastKnownFileType = sourcecode.c.h; name = GAIDictionaryBuilder.h; path = "cordova-plugin-google-analytics/GAIDictionaryBuilder.h"; sourceTree = "<group>"; };
		0AE0995AA5C548AE8F04D0AA /* CDVBuildInfo.m */ = {isa = PBXFileReference; explicitFileType = undefined; fileEncoding = 4; includeInIndex = 0; lastKnownFileType = sourcecode.c.objc; name = CDVBuildInfo.m; path = "cordova-plugin-buildinfo/CDVBuildInfo.m"; sourceTree = "<group>"; };
		0C73F8DDF2344505AB6C2817 /* CDVSplashScreen.h */ = {isa = PBXFileReference; explicitFileType = undefined; fileEncoding = 4; includeInIndex = 0; lastKnownFileType = sourcecode.c.h; name = CDVSplashScreen.h; path = "cordova-plugin-splashscreen/CDVSplashScreen.h"; sourceTree = "<group>"; };
		0FC0AD13E3DF41E7A34A47A7 /* GAIEcommerceFields.h */ = {isa = PBXFileReference; explicitFileType = undefined; fileEncoding = 4; includeInIndex = 0; lastKnownFileType = sourcecode.c.h; name = GAIEcommerceFields.h; path = "cordova-plugin-google-analytics/GAIEcommerceFields.h"; sourceTree = "<group>"; };
		111BFF24BEE8479B80FB96DF /* MBProgressHUD.m */ = {isa = PBXFileReference; explicitFileType = undefined; fileEncoding = 4; includeInIndex = 0; lastKnownFileType = sourcecode.c.objc; name = MBProgressHUD.m; path = "cordova-plugin-spinner/MBProgressHUD.m"; sourceTree = "<group>"; };
		13EB6056C30D4E94AF8FA9DA /* CDVDevice.m */ = {isa = PBXFileReference; explicitFileType = undefined; fileEncoding = 4; includeInIndex = 0; lastKnownFileType = sourcecode.c.objc; name = CDVDevice.m; path = "cordova-plugin-device/CDVDevice.m"; sourceTree = "<group>"; };
		1872A8ABAA58447097F6BAA0 /* CDVLocation.h */ = {isa = PBXFileReference; explicitFileType = undefined; fileEncoding = 4; includeInIndex = 0; lastKnownFileType = sourcecode.c.h; name = CDVLocation.h; path = "cordova-plugin-geolocation/CDVLocation.h"; sourceTree = "<group>"; };
		1AE35611F6E54C1981D57A12 /* SystemConfiguration.framework */ = {isa = PBXFileReference; explicitFileType = undefined; fileEncoding = 9; includeInIndex = 0; lastKnownFileType = wrapper.framework; name = SystemConfiguration.framework; path = System/Library/Frameworks/SystemConfiguration.framework; sourceTree = SDKROOT; };
		1B525D36FE514D1BA5B92340 /* sqlite3.c */ = {isa = PBXFileReference; explicitFileType = undefined; fileEncoding = 9; includeInIndex = 0; lastKnownFileType = unknown; name = sqlite3.c; path = "cordova-sqlite-storage/sqlite3.c"; sourceTree = "<group>"; };
		1D3623240D0F684500981E51 /* AppDelegate.h */ = {isa = PBXFileReference; fileEncoding = 4; lastKnownFileType = sourcecode.c.h; path = AppDelegate.h; sourceTree = "<group>"; };
		1D3623250D0F684500981E51 /* AppDelegate.m */ = {isa = PBXFileReference; fileEncoding = 4; lastKnownFileType = sourcecode.c.objc; path = AppDelegate.m; sourceTree = "<group>"; };
		1D6058910D05DD3D006BFB54 /* Dezling.app */ = {isa = PBXFileReference; explicitFileType = wrapper.application; includeInIndex = 0; path = Dezling.app; sourceTree = BUILT_PRODUCTS_DIR; };
		1D650292BFA34878AD40639A /* sqlite3.h */ = {isa = PBXFileReference; explicitFileType = undefined; fileEncoding = 4; includeInIndex = 0; lastKnownFileType = sourcecode.c.h; name = sqlite3.h; path = "cordova-sqlite-storage/sqlite3.h"; sourceTree = "<group>"; };
		1DC1CC3BD6A54105B363F5CF /* libsqlite3.dylib */ = {isa = PBXFileReference; explicitFileType = undefined; fileEncoding = 9; includeInIndex = 0; lastKnownFileType = "compiled.mach-o.dylib"; name = libsqlite3.dylib; path = usr/lib/libsqlite3.dylib; sourceTree = SDKROOT; };
		22372EC6BDB843C487DCC718 /* CDVJpegHeaderWriter.m */ = {isa = PBXFileReference; explicitFileType = undefined; fileEncoding = 4; includeInIndex = 0; lastKnownFileType = sourcecode.c.objc; name = CDVJpegHeaderWriter.m; path = "cordova-plugin-camera/CDVJpegHeaderWriter.m"; sourceTree = "<group>"; };
		24636182E23A41A0B0BFD102 /* Bolts.framework */ = {isa = PBXFileReference; explicitFileType = undefined; fileEncoding = 9; includeInIndex = 0; lastKnownFileType = wrapper.framework; name = Bolts.framework; path = "Dezling/Plugins/cordova-plugin-facebook4/Bolts.framework"; sourceTree = "<group>"; };
		25B8A35EC5BD48148F5069FA /* FBSDKShareKit.framework */ = {isa = PBXFileReference; explicitFileType = undefined; fileEncoding = 9; includeInIndex = 0; lastKnownFileType = wrapper.framework; name = FBSDKShareKit.framework; path = "Dezling/Plugins/cordova-plugin-facebook4/FBSDKShareKit.framework"; sourceTree = "<group>"; };
		29B97316FDCFA39411CA2CEA /* main.m */ = {isa = PBXFileReference; fileEncoding = 4; lastKnownFileType = sourcecode.c.objc; path = main.m; sourceTree = "<group>"; };
		2D35B4B77C41481B800749FB /* Dezling.entitlements */ = {isa = PBXFileReference; explicitFileType = undefined; fileEncoding = 9; includeInIndex = 0; lastKnownFileType = unknown; path = Dezling.entitlements; sourceTree = "<group>"; };
		2EAFFCCBD8DF4BC3B764FA2A /* CULPath.h */ = {isa = PBXFileReference; explicitFileType = undefined; fileEncoding = 4; includeInIndex = 0; lastKnownFileType = sourcecode.c.h; name = CULPath.h; path = "cordova-universal-links-plugin/Model/CULPath.h"; sourceTree = "<group>"; };
		2F8DC8F2D2264CC49849EF72 /* CULXmlTags.h */ = {isa = PBXFileReference; explicitFileType = undefined; fileEncoding = 4; includeInIndex = 0; lastKnownFileType = sourcecode.c.h; name = CULXmlTags.h; path = "cordova-universal-links-plugin/Parser/XML/CULXmlTags.h"; sourceTree = "<group>"; };
		2FD6BAFC60AF4347A9CD8C74 /* libz.tbd */ = {isa = PBXFileReference; explicitFileType = undefined; fileEncoding = 9; includeInIndex = 0; lastKnownFileType = "sourcecode.text-based-dylib-definition"; name = libz.tbd; path = usr/lib/libz.tbd; sourceTree = SDKROOT; };
		301BF52D109A57CC0062928A /* CordovaLib/CordovaLib.xcodeproj */ = {isa = PBXFileReference; lastKnownFileType = "wrapper.pb-project"; path = CordovaLib/CordovaLib.xcodeproj; sourceTree = "<group>"; };
		301BF56E109A69640062928A /* www */ = {isa = PBXFileReference; lastKnownFileType = folder; path = www; sourceTree = SOURCE_ROOT; };
		302D95EE14D2391D003F00A1 /* MainViewController.h */ = {isa = PBXFileReference; fileEncoding = 4; lastKnownFileType = sourcecode.c.h; path = MainViewController.h; sourceTree = "<group>"; };
		302D95EF14D2391D003F00A1 /* MainViewController.m */ = {isa = PBXFileReference; fileEncoding = 4; lastKnownFileType = sourcecode.c.objc; path = MainViewController.m; sourceTree = "<group>"; };
		302D95F014D2391D003F00A1 /* MainViewController.xib */ = {isa = PBXFileReference; fileEncoding = 4; lastKnownFileType = file.xib; path = MainViewController.xib; sourceTree = "<group>"; };
		3047A50F1AB8059700498E2A /* build-debug.xcconfig */ = {isa = PBXFileReference; fileEncoding = 4; lastKnownFileType = text.xcconfig; name = "build-debug.xcconfig"; path = "cordova/build-debug.xcconfig"; sourceTree = SOURCE_ROOT; };
		3047A5101AB8059700498E2A /* build-release.xcconfig */ = {isa = PBXFileReference; fileEncoding = 4; lastKnownFileType = text.xcconfig; name = "build-release.xcconfig"; path = "cordova/build-release.xcconfig"; sourceTree = SOURCE_ROOT; };
		3047A5111AB8059700498E2A /* build.xcconfig */ = {isa = PBXFileReference; fileEncoding = 4; lastKnownFileType = text.xcconfig; name = build.xcconfig; path = cordova/build.xcconfig; sourceTree = SOURCE_ROOT; };
		30929EFD5E7544379C27DEED /* CDVViewController+SplashScreen.m */ = {isa = PBXFileReference; explicitFileType = undefined; fileEncoding = 4; includeInIndex = 0; lastKnownFileType = sourcecode.c.objc; name = "CDVViewController+SplashScreen.m"; path = "cordova-plugin-splashscreen/CDVViewController+SplashScreen.m"; sourceTree = "<group>"; };
		31A8D240B2474549AB0A1522 /* PSPDFThreadSafeMutableDictionary.h */ = {isa = PBXFileReference; explicitFileType = undefined; fileEncoding = 4; includeInIndex = 0; lastKnownFileType = sourcecode.c.h; name = PSPDFThreadSafeMutableDictionary.h; path = "cordova-sqlite-storage/PSPDFThreadSafeMutableDictionary.h"; sourceTree = "<group>"; };
		32CA4F630368D1EE00C91783 /* Dezling-Prefix.pch */ = {isa = PBXFileReference; fileEncoding = 4; lastKnownFileType = sourcecode.c.h; path = "Dezling-Prefix.pch"; sourceTree = "<group>"; };
		33FAAD70607041A2AF3C66CA /* AVFoundation.framework */ = {isa = PBXFileReference; explicitFileType = undefined; fileEncoding = 9; includeInIndex = 0; lastKnownFileType = wrapper.framework; name = AVFoundation.framework; path = System/Library/Frameworks/AVFoundation.framework; sourceTree = SDKROOT; };
		3578292236544539A0EB1BF1 /* CULPlugin.m */ = {isa = PBXFileReference; explicitFileType = undefined; fileEncoding = 4; includeInIndex = 0; lastKnownFileType = sourcecode.c.objc; name = CULPlugin.m; path = "cordova-universal-links-plugin/CULPlugin.m"; sourceTree = "<group>"; };
		35FA654D265B43158F87E811 /* SpinnerPlugin.h */ = {isa = PBXFileReference; explicitFileType = undefined; fileEncoding = 4; includeInIndex = 0; lastKnownFileType = sourcecode.c.h; name = SpinnerPlugin.h; path = "cordova-plugin-spinner/SpinnerPlugin.h"; sourceTree = "<group>"; };
		37935549F3A74D21B7F41BDF /* CDVConnection.m */ = {isa = PBXFileReference; explicitFileType = undefined; fileEncoding = 4; includeInIndex = 0; lastKnownFileType = sourcecode.c.objc; name = CDVConnection.m; path = "cordova-plugin-network-information/CDVConnection.m"; sourceTree = "<group>"; };
		37C7FA954B134A3DA2AAA8EA /* CDVCamera.m */ = {isa = PBXFileReference; explicitFileType = undefined; fileEncoding = 4; includeInIndex = 0; lastKnownFileType = sourcecode.c.objc; name = CDVCamera.m; path = "cordova-plugin-camera/CDVCamera.m"; sourceTree = "<group>"; };
		3851C8086DEF4963B3961CD6 /* GAIEcommercePromotion.h */ = {isa = PBXFileReference; explicitFileType = undefined; fileEncoding = 4; includeInIndex = 0; lastKnownFileType = sourcecode.c.h; name = GAIEcommercePromotion.h; path = "cordova-plugin-google-analytics/GAIEcommercePromotion.h"; sourceTree = "<group>"; };
		3BCA6558F17645D79F3A0C04 /* SpinnerPlugin.m */ = {isa = PBXFileReference; explicitFileType = undefined; fileEncoding = 4; includeInIndex = 0; lastKnownFileType = sourcecode.c.objc; name = SpinnerPlugin.m; path = "cordova-plugin-spinner/SpinnerPlugin.m"; sourceTree = "<group>"; };
		3CC2C2DA606248C5B48B4E19 /* CDVViewController+SplashScreen.h */ = {isa = PBXFileReference; explicitFileType = undefined; fileEncoding = 4; includeInIndex = 0; lastKnownFileType = sourcecode.c.h; name = "CDVViewController+SplashScreen.h"; path = "cordova-plugin-splashscreen/CDVViewController+SplashScreen.h"; sourceTree = "<group>"; };
		4213CE4DD4E1454EBAD73592 /* UIImage+CropScaleOrientation.h */ = {isa = PBXFileReference; explicitFileType = undefined; fileEncoding = 4; includeInIndex = 0; lastKnownFileType = sourcecode.c.h; name = "UIImage+CropScaleOrientation.h"; path = "cordova-plugin-camera/UIImage+CropScaleOrientation.h"; sourceTree = "<group>"; };
		468C480DB956403F8F70ED04 /* GAIEcommerceProductAction.h */ = {isa = PBXFileReference; explicitFileType = undefined; fileEncoding = 4; includeInIndex = 0; lastKnownFileType = sourcecode.c.h; name = GAIEcommerceProductAction.h; path = "cordova-plugin-google-analytics/GAIEcommerceProductAction.h"; sourceTree = "<group>"; };
		497EB85021E143938A5512A5 /* CDVReachability.m */ = {isa = PBXFileReference; explicitFileType = undefined; fileEncoding = 4; includeInIndex = 0; lastKnownFileType = sourcecode.c.objc; name = CDVReachability.m; path = "cordova-plugin-network-information/CDVReachability.m"; sourceTree = "<group>"; };
		4BFD246BE52E4C12B50241D4 /* SQLitePlugin.h */ = {isa = PBXFileReference; explicitFileType = undefined; fileEncoding = 4; includeInIndex = 0; lastKnownFileType = sourcecode.c.h; name = SQLitePlugin.h; path = "cordova-sqlite-storage/SQLitePlugin.h"; sourceTree = "<group>"; };
		4CD5220F6B8C46CBA57CC291 /* GAIFields.h */ = {isa = PBXFileReference; explicitFileType = undefined; fileEncoding = 4; includeInIndex = 0; lastKnownFileType = sourcecode.c.h; name = GAIFields.h; path = "cordova-plugin-google-analytics/GAIFields.h"; sourceTree = "<group>"; };
		506BC1F3CB2F42D6B4489F5B /* CDVNotification.h */ = {isa = PBXFileReference; explicitFileType = undefined; fileEncoding = 4; includeInIndex = 0; lastKnownFileType = sourcecode.c.h; name = CDVNotification.h; path = "cordova-plugin-dialogs/CDVNotification.h"; sourceTree = "<group>"; };
		50F3269EA06A4C47B0F86883 /* CDVBuildInfo.h */ = {isa = PBXFileReference; explicitFileType = undefined; fileEncoding = 4; includeInIndex = 0; lastKnownFileType = sourcecode.c.h; name = CDVBuildInfo.h; path = "cordova-plugin-buildinfo/CDVBuildInfo.h"; sourceTree = "<group>"; };
		53B86006F5C74C168C35A599 /* SafariServices.framework */ = {isa = PBXFileReference; explicitFileType = undefined; fileEncoding = 9; includeInIndex = 0; lastKnownFileType = wrapper.framework; name = SafariServices.framework; path = System/Library/Frameworks/SafariServices.framework; sourceTree = SDKROOT; };
		5B93D24B562241299DEE6C5A /* CoreData.framework */ = {isa = PBXFileReference; explicitFileType = undefined; fileEncoding = 9; includeInIndex = 0; lastKnownFileType = wrapper.framework; name = CoreData.framework; path = System/Library/Frameworks/CoreData.framework; sourceTree = SDKROOT; };
		5EC84D12FB8A4604BABB559F /* GAITracker.h */ = {isa = PBXFileReference; explicitFileType = undefined; fileEncoding = 4; includeInIndex = 0; lastKnownFileType = sourcecode.c.h; name = GAITracker.h; path = "cordova-plugin-google-analytics/GAITracker.h"; sourceTree = "<group>"; };
		5FA5CF50A12C43D29CCF93D6 /* ImageIO.framework */ = {isa = PBXFileReference; explicitFileType = undefined; fileEncoding = 9; includeInIndex = 0; lastKnownFileType = wrapper.framework; name = ImageIO.framework; path = System/Library/Frameworks/ImageIO.framework; sourceTree = SDKROOT; };
		5FC9417273B4477C9F5EBCD9 /* ActionSheet.h */ = {isa = PBXFileReference; explicitFileType = undefined; fileEncoding = 4; includeInIndex = 0; lastKnownFileType = sourcecode.c.h; name = ActionSheet.h; path = "cordova-plugin-actionsheet/ActionSheet.h"; sourceTree = "<group>"; };
		60050B6949E4411F8B4872BE /* NSBundle+CULPlugin.m */ = {isa = PBXFileReference; explicitFileType = undefined; fileEncoding = 4; includeInIndex = 0; lastKnownFileType = sourcecode.c.objc; name = "NSBundle+CULPlugin.m"; path = "cordova-universal-links-plugin/Utils/NSBundle+CULPlugin.m"; sourceTree = "<group>"; };
		60AEB297D531433EB9376F5F /* CoreTelephony.framework */ = {isa = PBXFileReference; explicitFileType = undefined; fileEncoding = 9; includeInIndex = 0; lastKnownFileType = wrapper.framework; name = CoreTelephony.framework; path = System/Library/Frameworks/CoreTelephony.framework; sourceTree = SDKROOT; };
		625B51E28CCD4F209A26E37D /* CDVExif.h */ = {isa = PBXFileReference; explicitFileType = undefined; fileEncoding = 4; includeInIndex = 0; lastKnownFileType = sourcecode.c.h; name = CDVExif.h; path = "cordova-plugin-camera/CDVExif.h"; sourceTree = "<group>"; };
		62CBC87AA480418CA982495B /* GAILogger.h */ = {isa = PBXFileReference; explicitFileType = undefined; fileEncoding = 4; includeInIndex = 0; lastKnownFileType = sourcecode.c.h; name = GAILogger.h; path = "cordova-plugin-google-analytics/GAILogger.h"; sourceTree = "<group>"; };
		6871AC01C90240119F0548D5 /* AppDelegate+CULPlugin.m */ = {isa = PBXFileReference; explicitFileType = undefined; fileEncoding = 4; includeInIndex = 0; lastKnownFileType = sourcecode.c.objc; name = "AppDelegate+CULPlugin.m"; path = "cordova-universal-links-plugin/AppDelegate+CULPlugin.m"; sourceTree = "<group>"; };
		6AFF5BF81D6E424B00AB3073 /* CDVLaunchScreen.storyboard */ = {isa = PBXFileReference; fileEncoding = 4; lastKnownFileType = file.storyboard; name = CDVLaunchScreen.storyboard; path = Dezling/CDVLaunchScreen.storyboard; sourceTree = SOURCE_ROOT; };
		6C056F776BD74FBDAB185C81 /* CDVLocation.m */ = {isa = PBXFileReference; explicitFileType = undefined; fileEncoding = 4; includeInIndex = 0; lastKnownFileType = sourcecode.c.objc; name = CDVLocation.m; path = "cordova-plugin-geolocation/CDVLocation.m"; sourceTree = "<group>"; };
		6C9FA29E01914B6181DA544F /* CULConfigXmlParser.h */ = {isa = PBXFileReference; explicitFileType = undefined; fileEncoding = 4; includeInIndex = 0; lastKnownFileType = sourcecode.c.h; name = CULConfigXmlParser.h; path = "cordova-universal-links-plugin/Parser/XML/CULConfigXmlParser.h"; sourceTree = "<group>"; };
		6F94720A0E9A43B4B86167CD /* CDVInAppBrowser.h */ = {isa = PBXFileReference; explicitFileType = undefined; fileEncoding = 4; includeInIndex = 0; lastKnownFileType = sourcecode.c.h; name = CDVInAppBrowser.h; path = "cordova-plugin-inappbrowser/CDVInAppBrowser.h"; sourceTree = "<group>"; };
		704D491ED65C48EBACC47040 /* CDVSplashScreen.m */ = {isa = PBXFileReference; explicitFileType = undefined; fileEncoding = 4; includeInIndex = 0; lastKnownFileType = sourcecode.c.objc; name = CDVSplashScreen.m; path = "cordova-plugin-splashscreen/CDVSplashScreen.m"; sourceTree = "<group>"; };
		71B427AEA4F24ACE837FF6D4 /* CDVDevice.h */ = {isa = PBXFileReference; explicitFileType = undefined; fileEncoding = 4; includeInIndex = 0; lastKnownFileType = sourcecode.c.h; name = CDVDevice.h; path = "cordova-plugin-device/CDVDevice.h"; sourceTree = "<group>"; };
		7280B23EB564417CAE37C145 /* CULHost.h */ = {isa = PBXFileReference; explicitFileType = undefined; fileEncoding = 4; includeInIndex = 0; lastKnownFileType = sourcecode.c.h; name = CULHost.h; path = "cordova-universal-links-plugin/Model/CULHost.h"; sourceTree = "<group>"; };
		72B3473D658A4E22BE07EEA6 /* UniversalAnalyticsPlugin.h */ = {isa = PBXFileReference; explicitFileType = undefined; fileEncoding = 4; includeInIndex = 0; lastKnownFileType = sourcecode.c.h; name = UniversalAnalyticsPlugin.h; path = "cordova-plugin-google-analytics/UniversalAnalyticsPlugin.h"; sourceTree = "<group>"; };
		7521CB4CFFE14B20AACEEBC9 /* NSBundle+CULPlugin.h */ = {isa = PBXFileReference; explicitFileType = undefined; fileEncoding = 4; includeInIndex = 0; lastKnownFileType = sourcecode.c.h; name = "NSBundle+CULPlugin.h"; path = "cordova-universal-links-plugin/Utils/NSBundle+CULPlugin.h"; sourceTree = "<group>"; };
		7D0E69D0A1DD4E90AD3F14CE /* CULConfigJsonParser.h */ = {isa = PBXFileReference; explicitFileType = undefined; fileEncoding = 4; includeInIndex = 0; lastKnownFileType = sourcecode.c.h; name = CULConfigJsonParser.h; path = "cordova-universal-links-plugin/Parser/JSON/CULConfigJsonParser.h"; sourceTree = "<group>"; };
		7D6CD76CDDEA45509EF8E1BC /* CDVStatusBar.m */ = {isa = PBXFileReference; explicitFileType = undefined; fileEncoding = 4; includeInIndex = 0; lastKnownFileType = sourcecode.c.objc; name = CDVStatusBar.m; path = "cordova-plugin-statusbar/CDVStatusBar.m"; sourceTree = "<group>"; };
		7D9D295984604961803EA12E /* ActionSheet.m */ = {isa = PBXFileReference; explicitFileType = undefined; fileEncoding = 4; includeInIndex = 0; lastKnownFileType = sourcecode.c.objc; name = ActionSheet.m; path = "cordova-plugin-actionsheet/ActionSheet.m"; sourceTree = "<group>"; };
		7FDA5D12C04B4BD9A7CAB655 /* CULPlugin.h */ = {isa = PBXFileReference; explicitFileType = undefined; fileEncoding = 4; includeInIndex = 0; lastKnownFileType = sourcecode.c.h; name = CULPlugin.h; path = "cordova-universal-links-plugin/CULPlugin.h"; sourceTree = "<group>"; };
		809462C7718A46C7868B2962 /* CDVPluginResult+CULPlugin.m */ = {isa = PBXFileReference; explicitFileType = undefined; fileEncoding = 4; includeInIndex = 0; lastKnownFileType = sourcecode.c.objc; name = "CDVPluginResult+CULPlugin.m"; path = "cordova-universal-links-plugin/JS/CDVPluginResult+CULPlugin.m"; sourceTree = "<group>"; };
		892A6DDF80B745D5AFA1CB9E /* CDVInAppBrowser.m */ = {isa = PBXFileReference; explicitFileType = undefined; fileEncoding = 4; includeInIndex = 0; lastKnownFileType = sourcecode.c.objc; name = CDVInAppBrowser.m; path = "cordova-plugin-inappbrowser/CDVInAppBrowser.m"; sourceTree = "<group>"; };
		8C7DC7103E934CD5BCC5DF73 /* CBTBrowserTab.h */ = {isa = PBXFileReference; explicitFileType = undefined; fileEncoding = 4; includeInIndex = 0; lastKnownFileType = sourcecode.c.h; name = CBTBrowserTab.h; path = "cordova-plugin-browsertab/CBTBrowserTab.h"; sourceTree = "<group>"; };
		8D1107310486CEB800E47090 /* Dezling-Info.plist */ = {isa = PBXFileReference; fileEncoding = 4; lastKnownFileType = text.plist.xml; name = "Dezling-Info.plist"; path = "Dezling/Dezling-Info.plist"; plistStructureDefinitionIdentifier = "com.apple.xcode.plist.structure-definition.iphone.info-plist"; sourceTree = SOURCE_ROOT; };
		90322A2156A74A7D8FCF1C6C /* APPBadge.m */ = {isa = PBXFileReference; explicitFileType = undefined; fileEncoding = 4; includeInIndex = 0; lastKnownFileType = sourcecode.c.objc; name = APPBadge.m; path = "cordova-plugin-badge/APPBadge.m"; sourceTree = "<group>"; };
		936B8B8EAF2E4D4394499039 /* UIImage+CropScaleOrientation.m */ = {isa = PBXFileReference; explicitFileType = undefined; fileEncoding = 4; includeInIndex = 0; lastKnownFileType = sourcecode.c.objc; name = "UIImage+CropScaleOrientation.m"; path = "cordova-plugin-camera/UIImage+CropScaleOrientation.m"; sourceTree = "<group>"; };
		94B7C3B14F834DB3BC6FF6CC /* AdSupport.framework */ = {isa = PBXFileReference; explicitFileType = undefined; fileEncoding = 9; includeInIndex = 0; lastKnownFileType = wrapper.framework; name = AdSupport.framework; path = System/Library/Frameworks/AdSupport.framework; sourceTree = SDKROOT; };
		9704E7FC7A524110AFD8AD63 /* GAITrackedViewController.h */ = {isa = PBXFileReference; explicitFileType = undefined; fileEncoding = 4; includeInIndex = 0; lastKnownFileType = sourcecode.c.h; name = GAITrackedViewController.h; path = "cordova-plugin-google-analytics/GAITrackedViewController.h"; sourceTree = "<group>"; };
		9A27C0171C87427E9057E054 /* AppDelegate+CULPlugin.h */ = {isa = PBXFileReference; explicitFileType = undefined; fileEncoding = 4; includeInIndex = 0; lastKnownFileType = sourcecode.c.h; name = "AppDelegate+CULPlugin.h"; path = "cordova-universal-links-plugin/AppDelegate+CULPlugin.h"; sourceTree = "<group>"; };
		9CAB721DFC904700BEA1B494 /* CoreLocation.framework */ = {isa = PBXFileReference; explicitFileType = undefined; fileEncoding = 9; includeInIndex = 0; lastKnownFileType = wrapper.framework; name = CoreLocation.framework; path = System/Library/Frameworks/CoreLocation.framework; sourceTree = SDKROOT; };
		A963B5779A5E4F55BD1FE8AF /* FBSDKCoreKit.framework */ = {isa = PBXFileReference; explicitFileType = undefined; fileEncoding = 9; includeInIndex = 0; lastKnownFileType = wrapper.framework; name = FBSDKCoreKit.framework; path = "Dezling/Plugins/cordova-plugin-facebook4/FBSDKCoreKit.framework"; sourceTree = "<group>"; };
		A9FAAFA1BFF34F1F9B174B9A /* CDVCamera.h */ = {isa = PBXFileReference; explicitFileType = undefined; fileEncoding = 4; includeInIndex = 0; lastKnownFileType = sourcecode.c.h; name = CDVCamera.h; path = "cordova-plugin-camera/CDVCamera.h"; sourceTree = "<group>"; };
		AE7B5912829E425F94B05B55 /* libz.dylib */ = {isa = PBXFileReference; explicitFileType = undefined; fileEncoding = 9; includeInIndex = 0; lastKnownFileType = "compiled.mach-o.dylib"; name = libz.dylib; path = usr/lib/libz.dylib; sourceTree = SDKROOT; };
		AEC83A3C47EB48CB876AA2AE /* CDVNotification.m */ = {isa = PBXFileReference; explicitFileType = undefined; fileEncoding = 4; includeInIndex = 0; lastKnownFileType = sourcecode.c.objc; name = CDVNotification.m; path = "cordova-plugin-dialogs/CDVNotification.m"; sourceTree = "<group>"; };
		B02FF70A6D1642909C70A1E0 /* IonicKeyboard.h */ = {isa = PBXFileReference; explicitFileType = undefined; fileEncoding = 4; includeInIndex = 0; lastKnownFileType = sourcecode.c.h; name = IonicKeyboard.h; path = "ionic-plugin-keyboard/IonicKeyboard.h"; sourceTree = "<group>"; };
		B03327DD34094A51A4D79615 /* CULHost.m */ = {isa = PBXFileReference; explicitFileType = undefined; fileEncoding = 4; includeInIndex = 0; lastKnownFileType = sourcecode.c.objc; name = CULHost.m; path = "cordova-universal-links-plugin/Model/CULHost.m"; sourceTree = "<group>"; };
		B4355C609AEE4E8CAECD88F0 /* OneSignalPush.m */ = {isa = PBXFileReference; explicitFileType = undefined; fileEncoding = 4; includeInIndex = 0; lastKnownFileType = sourcecode.c.objc; name = OneSignalPush.m; path = "onesignal-cordova-plugin/OneSignalPush.m"; sourceTree = "<group>"; };
		B4EFBD36754B4CBBA240D469 /* UniversalAnalyticsPlugin.m */ = {isa = PBXFileReference; explicitFileType = undefined; fileEncoding = 4; includeInIndex = 0; lastKnownFileType = sourcecode.c.objc; name = UniversalAnalyticsPlugin.m; path = "cordova-plugin-google-analytics/UniversalAnalyticsPlugin.m"; sourceTree = "<group>"; };
		B5EEAF3669554B5E9C995062 /* AudioToolbox.framework */ = {isa = PBXFileReference; explicitFileType = undefined; fileEncoding = 9; includeInIndex = 0; lastKnownFileType = wrapper.framework; name = AudioToolbox.framework; path = System/Library/Frameworks/AudioToolbox.framework; sourceTree = SDKROOT; };
		B749E46A04864502886951BA /* CULConfigXmlParser.m */ = {isa = PBXFileReference; explicitFileType = undefined; fileEncoding = 4; includeInIndex = 0; lastKnownFileType = sourcecode.c.objc; name = CULConfigXmlParser.m; path = "cordova-universal-links-plugin/Parser/XML/CULConfigXmlParser.m"; sourceTree = "<group>"; };
		B827C89AD5EC4DF08C7DE298 /* PSPDFThreadSafeMutableDictionary.m */ = {isa = PBXFileReference; explicitFileType = undefined; fileEncoding = 4; includeInIndex = 0; lastKnownFileType = sourcecode.c.objc; name = PSPDFThreadSafeMutableDictionary.m; path = "cordova-sqlite-storage/PSPDFThreadSafeMutableDictionary.m"; sourceTree = "<group>"; };
		B9969F1257F0464BA93B0717 /* CDVPluginResult+CULPlugin.h */ = {isa = PBXFileReference; explicitFileType = undefined; fileEncoding = 4; includeInIndex = 0; lastKnownFileType = sourcecode.c.h; name = "CDVPluginResult+CULPlugin.h"; path = "cordova-universal-links-plugin/JS/CDVPluginResult+CULPlugin.h"; sourceTree = "<group>"; };
		BE1A837E1EBF4AE687572D9E /* libAdIdAccess.a */ = {isa = PBXFileReference; explicitFileType = undefined; fileEncoding = 9; includeInIndex = 0; lastKnownFileType = archive.ar; name = libAdIdAccess.a; path = "Dezling/Plugins/cordova-plugin-google-analytics/libAdIdAccess.a"; sourceTree = "<group>"; };
		C0D9D9063DAB4296B9F89B2F /* IonicKeyboard.m */ = {isa = PBXFileReference; explicitFileType = undefined; fileEncoding = 4; includeInIndex = 0; lastKnownFileType = sourcecode.c.objc; name = IonicKeyboard.m; path = "ionic-plugin-keyboard/IonicKeyboard.m"; sourceTree = "<group>"; };
		C425E467985940868AA1FA90 /* CULPath.m */ = {isa = PBXFileReference; explicitFileType = undefined; fileEncoding = 4; includeInIndex = 0; lastKnownFileType = sourcecode.c.objc; name = CULPath.m; path = "cordova-universal-links-plugin/Model/CULPath.m"; sourceTree = "<group>"; };
		C7FC5B6F87E74B26884E4485 /* GAIEcommerceProduct.h */ = {isa = PBXFileReference; explicitFileType = undefined; fileEncoding = 4; includeInIndex = 0; lastKnownFileType = sourcecode.c.h; name = GAIEcommerceProduct.h; path = "cordova-plugin-google-analytics/GAIEcommerceProduct.h"; sourceTree = "<group>"; };
		C931B4CB89234CC785B5B006 /* CBTBrowserTab.m */ = {isa = PBXFileReference; explicitFileType = undefined; fileEncoding = 4; includeInIndex = 0; lastKnownFileType = sourcecode.c.objc; name = CBTBrowserTab.m; path = "cordova-plugin-browsertab/CBTBrowserTab.m"; sourceTree = "<group>"; };
		C93627443A044212B6790C8F /* APPBadge.h */ = {isa = PBXFileReference; explicitFileType = undefined; fileEncoding = 4; includeInIndex = 0; lastKnownFileType = sourcecode.c.h; name = APPBadge.h; path = "cordova-plugin-badge/APPBadge.h"; sourceTree = "<group>"; };
		CD1927909E974DD293A79859 /* FacebookConnectPlugin.m */ = {isa = PBXFileReference; explicitFileType = undefined; fileEncoding = 4; includeInIndex = 0; lastKnownFileType = sourcecode.c.objc; name = FacebookConnectPlugin.m; path = "cordova-plugin-facebook4/FacebookConnectPlugin.m"; sourceTree = "<group>"; };
		CD363D0E16B04E96806EEAAB /* libGoogleAnalyticsServices.a */ = {isa = PBXFileReference; explicitFileType = undefined; fileEncoding = 9; includeInIndex = 0; lastKnownFileType = archive.ar; name = libGoogleAnalyticsServices.a; path = "Dezling/Plugins/cordova-plugin-google-analytics/libGoogleAnalyticsServices.a"; sourceTree = "<group>"; };
		CE7C4EC43EE24C5BA4122403 /* CDVInvokedUrlCommand+CULPlugin.h */ = {isa = PBXFileReference; explicitFileType = undefined; fileEncoding = 4; includeInIndex = 0; lastKnownFileType = sourcecode.c.h; name = "CDVInvokedUrlCommand+CULPlugin.h"; path = "cordova-universal-links-plugin/JS/CDVInvokedUrlCommand+CULPlugin.h"; sourceTree = "<group>"; };
		CF92735ED8C845F7A8AFB319 /* CDVReachability.h */ = {isa = PBXFileReference; explicitFileType = undefined; fileEncoding = 4; includeInIndex = 0; lastKnownFileType = sourcecode.c.h; name = CDVReachability.h; path = "cordova-plugin-network-information/CDVReachability.h"; sourceTree = "<group>"; };
		D4097F9F0E244288B910ED3A /* CULConfigJsonParser.m */ = {isa = PBXFileReference; explicitFileType = undefined; fileEncoding = 4; includeInIndex = 0; lastKnownFileType = sourcecode.c.objc; name = CULConfigJsonParser.m; path = "cordova-universal-links-plugin/Parser/JSON/CULConfigJsonParser.m"; sourceTree = "<group>"; };
		D9E736ACC09E41EB8F4A4291 /* CDVConnection.h */ = {isa = PBXFileReference; explicitFileType = undefined; fileEncoding = 4; includeInIndex = 0; lastKnownFileType = sourcecode.c.h; name = CDVConnection.h; path = "cordova-plugin-network-information/CDVConnection.h"; sourceTree = "<group>"; };
		DF5F7B9C023140A4979275C1 /* SQLitePlugin.m */ = {isa = PBXFileReference; explicitFileType = undefined; fileEncoding = 4; includeInIndex = 0; lastKnownFileType = sourcecode.c.objc; name = SQLitePlugin.m; path = "cordova-sqlite-storage/SQLitePlugin.m"; sourceTree = "<group>"; };
		E1E6DE989D364206ACFB9927 /* CDVStatusBar.h */ = {isa = PBXFileReference; explicitFileType = undefined; fileEncoding = 4; includeInIndex = 0; lastKnownFileType = sourcecode.c.h; name = CDVStatusBar.h; path = "cordova-plugin-statusbar/CDVStatusBar.h"; sourceTree = "<group>"; };
		E2A02799625C46C6A6862D94 /* FBSDKLoginKit.framework */ = {isa = PBXFileReference; explicitFileType = undefined; fileEncoding = 9; includeInIndex = 0; lastKnownFileType = wrapper.framework; name = FBSDKLoginKit.framework; path = "Dezling/Plugins/cordova-plugin-facebook4/FBSDKLoginKit.framework"; sourceTree = "<group>"; };
		EB87FDF31871DA8E0020F90C /* www */ = {isa = PBXFileReference; lastKnownFileType = folder; name = www; path = ../../www; sourceTree = "<group>"; };
		EB87FDF41871DAF40020F90C /* config.xml */ = {isa = PBXFileReference; lastKnownFileType = text.xml; name = config.xml; path = ../../config.xml; sourceTree = "<group>"; };
		ED33DF2A687741AEAF9F8254 /* Bridging-Header.h */ = {isa = PBXFileReference; fileEncoding = 4; lastKnownFileType = sourcecode.c.h; path = "Bridging-Header.h"; sourceTree = "<group>"; };
		EE88EC8709D5499FAE200759 /* CULXmlTags.m */ = {isa = PBXFileReference; explicitFileType = undefined; fileEncoding = 4; includeInIndex = 0; lastKnownFileType = sourcecode.c.objc; name = CULXmlTags.m; path = "cordova-universal-links-plugin/Parser/XML/CULXmlTags.m"; sourceTree = "<group>"; };
		F297FE272E8B476E8B1407FB /* CDVNotification.bundle */ = {isa = PBXFileReference; explicitFileType = undefined; fileEncoding = 9; includeInIndex = 0; lastKnownFileType = "wrapper.plug-in"; path = CDVNotification.bundle; sourceTree = "<group>"; };
		F52D0DFFF4014B96A3BBB7E0 /* GAI.h */ = {isa = PBXFileReference; explicitFileType = undefined; fileEncoding = 4; includeInIndex = 0; lastKnownFileType = sourcecode.c.h; name = GAI.h; path = "cordova-plugin-google-analytics/GAI.h"; sourceTree = "<group>"; };
		F78C83E67AB9412893C51F96 /* OneSignalPush.h */ = {isa = PBXFileReference; explicitFileType = undefined; fileEncoding = 4; includeInIndex = 0; lastKnownFileType = sourcecode.c.h; name = OneSignalPush.h; path = "onesignal-cordova-plugin/OneSignalPush.h"; sourceTree = "<group>"; };
		F840E1F0165FE0F500CFE078 /* config.xml */ = {isa = PBXFileReference; lastKnownFileType = text.xml; name = config.xml; path = Dezling/config.xml; sourceTree = "<group>"; };
		FC5D103B88F84D6A9A50C0F8 /* CDVJpegHeaderWriter.h */ = {isa = PBXFileReference; explicitFileType = undefined; fileEncoding = 4; includeInIndex = 0; lastKnownFileType = sourcecode.c.h; name = CDVJpegHeaderWriter.h; path = "cordova-plugin-camera/CDVJpegHeaderWriter.h"; sourceTree = "<group>"; };
		FE937CE776664194865170E5 /* MBProgressHUD.h */ = {isa = PBXFileReference; explicitFileType = undefined; fileEncoding = 4; includeInIndex = 0; lastKnownFileType = sourcecode.c.h; name = MBProgressHUD.h; path = "cordova-plugin-spinner/MBProgressHUD.h"; sourceTree = "<group>"; };
/* End PBXFileReference section */

/* Begin PBXFrameworksBuildPhase section */
		1D60588F0D05DD3D006BFB54 /* Frameworks */ = {
			isa = PBXFrameworksBuildPhase;
			buildActionMask = 2147483647;
			files = (
				301BF552109A68D80062928A /* libCordova.a in Frameworks */,
				555C278F9DE54381A3C374E7 /* SafariServices.framework in Frameworks */,
				F6D28705F38A43BFAE2DE7E5 /* ImageIO.framework in Frameworks */,
				C8092C263CDF41DC9C80ED32 /* CoreLocation.framework in Frameworks */,
				1A387250673940CE9C8EE069 /* AVFoundation.framework in Frameworks */,
				4682764DCD7E48B0B4201AA6 /* libz.tbd in Frameworks */,
				70DED530FC35489EB384E9A6 /* AudioToolbox.framework in Frameworks */,
				0FF96415BC5C4470B02FF885 /* Bolts.framework in Frameworks */,
				69A47A8EF4384E9F896A347B /* FBSDKCoreKit.framework in Frameworks */,
				DDFC8C8F0598434B8F12703C /* FBSDKLoginKit.framework in Frameworks */,
				ABE217B76C5849D5A86F4690 /* FBSDKShareKit.framework in Frameworks */,
				6773C216CBCA422BB5DE4D16 /* libGoogleAnalyticsServices.a in Frameworks */,
				6D82B366E9CF4A5E9245E9A1 /* libAdIdAccess.a in Frameworks */,
				99F303A17A2B4B70ABC92727 /* SystemConfiguration.framework in Frameworks */,
				C758463C67DC4A93B16E04DE /* CoreData.framework in Frameworks */,
				91CF02B71F1C48989285DF95 /* AdSupport.framework in Frameworks */,
				360D5D26DBC347D4A20A1B96 /* libz.dylib in Frameworks */,
				4E1D4390C0F64ECB8E116ECF /* libsqlite3.dylib in Frameworks */,
				3CC281B25C254A54825451E6 /* CoreTelephony.framework in Frameworks */,
			);
			runOnlyForDeploymentPostprocessing = 0;
		};
/* End PBXFrameworksBuildPhase section */

/* Begin PBXGroup section */
		080E96DDFE201D6D7F000001 /* Classes */ = {
			isa = PBXGroup;
			children = (
				302D95EE14D2391D003F00A1 /* MainViewController.h */,
				302D95EF14D2391D003F00A1 /* MainViewController.m */,
				302D95F014D2391D003F00A1 /* MainViewController.xib */,
				1D3623240D0F684500981E51 /* AppDelegate.h */,
				1D3623250D0F684500981E51 /* AppDelegate.m */,
			);
			name = Classes;
			path = Dezling/Classes;
			sourceTree = SOURCE_ROOT;
		};
		19C28FACFE9D520D11CA2CBB /* Products */ = {
			isa = PBXGroup;
			children = (
				1D6058910D05DD3D006BFB54 /* Dezling.app */,
			);
			name = Products;
			sourceTree = "<group>";
		};
		29B97314FDCFA39411CA2CEA /* CustomTemplate */ = {
			isa = PBXGroup;
			children = (
				EB87FDF41871DAF40020F90C /* config.xml */,
				EB87FDF31871DA8E0020F90C /* www */,
				EB87FDF11871DA420020F90C /* Staging */,
				301BF52D109A57CC0062928A /* CordovaLib/CordovaLib.xcodeproj */,
				080E96DDFE201D6D7F000001 /* Classes */,
				307C750510C5A3420062BCA9 /* Plugins */,
				29B97315FDCFA39411CA2CEA /* Other Sources */,
				29B97317FDCFA39411CA2CEA /* Resources */,
				29B97323FDCFA39411CA2CEA /* Frameworks */,
				19C28FACFE9D520D11CA2CBB /* Products */,
			);
			name = CustomTemplate;
			sourceTree = "<group>";
		};
		29B97315FDCFA39411CA2CEA /* Other Sources */ = {
			isa = PBXGroup;
			children = (
				32CA4F630368D1EE00C91783 /* Dezling-Prefix.pch */,
				29B97316FDCFA39411CA2CEA /* main.m */,
				ED33DF2A687741AEAF9F8254 /* Bridging-Header.h */,
			);
			name = "Other Sources";
			path = Dezling;
			sourceTree = "<group>";
		};
		29B97317FDCFA39411CA2CEA /* Resources */ = {
			isa = PBXGroup;
			children = (
				0207DA571B56EA530066E2B4 /* Images.xcassets */,
				3047A50E1AB8057F00498E2A /* config */,
				8D1107310486CEB800E47090 /* Dezling-Info.plist */,
				6AFF5BF81D6E424B00AB3073 /* CDVLaunchScreen.storyboard */,
				F297FE272E8B476E8B1407FB /* CDVNotification.bundle */,
				2D35B4B77C41481B800749FB /* Dezling.entitlements */,
			);
			name = Resources;
			path = Dezling/Resources;
			sourceTree = "<group>";
		};
		29B97323FDCFA39411CA2CEA /* Frameworks */ = {
			isa = PBXGroup;
			children = (
				53B86006F5C74C168C35A599 /* SafariServices.framework */,
				5FA5CF50A12C43D29CCF93D6 /* ImageIO.framework */,
				9CAB721DFC904700BEA1B494 /* CoreLocation.framework */,
				33FAAD70607041A2AF3C66CA /* AVFoundation.framework */,
				2FD6BAFC60AF4347A9CD8C74 /* libz.tbd */,
				B5EEAF3669554B5E9C995062 /* AudioToolbox.framework */,
				24636182E23A41A0B0BFD102 /* Bolts.framework */,
				A963B5779A5E4F55BD1FE8AF /* FBSDKCoreKit.framework */,
				E2A02799625C46C6A6862D94 /* FBSDKLoginKit.framework */,
				25B8A35EC5BD48148F5069FA /* FBSDKShareKit.framework */,
				CD363D0E16B04E96806EEAAB /* libGoogleAnalyticsServices.a */,
				BE1A837E1EBF4AE687572D9E /* libAdIdAccess.a */,
				1AE35611F6E54C1981D57A12 /* SystemConfiguration.framework */,
				5B93D24B562241299DEE6C5A /* CoreData.framework */,
				94B7C3B14F834DB3BC6FF6CC /* AdSupport.framework */,
				AE7B5912829E425F94B05B55 /* libz.dylib */,
				1DC1CC3BD6A54105B363F5CF /* libsqlite3.dylib */,
				60AEB297D531433EB9376F5F /* CoreTelephony.framework */,
			);
			name = Frameworks;
			sourceTree = "<group>";
		};
		301BF52E109A57CC0062928A /* Products */ = {
			isa = PBXGroup;
			children = (
				301BF535109A57CC0062928A /* libCordova.a */,
				468884DE21157566003BCD6D /* Cordova.framework */,
			);
			name = Products;
			sourceTree = "<group>";
		};
		3047A50E1AB8057F00498E2A /* config */ = {
			isa = PBXGroup;
			children = (
				3047A50F1AB8059700498E2A /* build-debug.xcconfig */,
				3047A5101AB8059700498E2A /* build-release.xcconfig */,
				3047A5111AB8059700498E2A /* build.xcconfig */,
			);
			name = config;
			sourceTree = "<group>";
		};
		307C750510C5A3420062BCA9 /* Plugins */ = {
			isa = PBXGroup;
			children = (
				7D9D295984604961803EA12E /* ActionSheet.m */,
				5FC9417273B4477C9F5EBCD9 /* ActionSheet.h */,
				90322A2156A74A7D8FCF1C6C /* APPBadge.m */,
				C93627443A044212B6790C8F /* APPBadge.h */,
				C931B4CB89234CC785B5B006 /* CBTBrowserTab.m */,
				8C7DC7103E934CD5BCC5DF73 /* CBTBrowserTab.h */,
				0AE0995AA5C548AE8F04D0AA /* CDVBuildInfo.m */,
				50F3269EA06A4C47B0F86883 /* CDVBuildInfo.h */,
				936B8B8EAF2E4D4394499039 /* UIImage+CropScaleOrientation.m */,
				37C7FA954B134A3DA2AAA8EA /* CDVCamera.m */,
				22372EC6BDB843C487DCC718 /* CDVJpegHeaderWriter.m */,
				4213CE4DD4E1454EBAD73592 /* UIImage+CropScaleOrientation.h */,
				A9FAAFA1BFF34F1F9B174B9A /* CDVCamera.h */,
				FC5D103B88F84D6A9A50C0F8 /* CDVJpegHeaderWriter.h */,
				625B51E28CCD4F209A26E37D /* CDVExif.h */,
				13EB6056C30D4E94AF8FA9DA /* CDVDevice.m */,
				71B427AEA4F24ACE837FF6D4 /* CDVDevice.h */,
				AEC83A3C47EB48CB876AA2AE /* CDVNotification.m */,
				506BC1F3CB2F42D6B4489F5B /* CDVNotification.h */,
				CD1927909E974DD293A79859 /* FacebookConnectPlugin.m */,
				058EF1DFB76641E9A03C339B /* FacebookConnectPlugin.h */,
				6C056F776BD74FBDAB185C81 /* CDVLocation.m */,
				1872A8ABAA58447097F6BAA0 /* CDVLocation.h */,
				B4EFBD36754B4CBBA240D469 /* UniversalAnalyticsPlugin.m */,
				72B3473D658A4E22BE07EEA6 /* UniversalAnalyticsPlugin.h */,
				06CC9922FE8B4B2FB1927009 /* GAIDictionaryBuilder.h */,
				4CD5220F6B8C46CBA57CC291 /* GAIFields.h */,
				62CBC87AA480418CA982495B /* GAILogger.h */,
				9704E7FC7A524110AFD8AD63 /* GAITrackedViewController.h */,
				F52D0DFFF4014B96A3BBB7E0 /* GAI.h */,
				5EC84D12FB8A4604BABB559F /* GAITracker.h */,
				0FC0AD13E3DF41E7A34A47A7 /* GAIEcommerceFields.h */,
				C7FC5B6F87E74B26884E4485 /* GAIEcommerceProduct.h */,
				468C480DB956403F8F70ED04 /* GAIEcommerceProductAction.h */,
				3851C8086DEF4963B3961CD6 /* GAIEcommercePromotion.h */,
				892A6DDF80B745D5AFA1CB9E /* CDVInAppBrowser.m */,
				6F94720A0E9A43B4B86167CD /* CDVInAppBrowser.h */,
				37935549F3A74D21B7F41BDF /* CDVConnection.m */,
				497EB85021E143938A5512A5 /* CDVReachability.m */,
				D9E736ACC09E41EB8F4A4291 /* CDVConnection.h */,
				CF92735ED8C845F7A8AFB319 /* CDVReachability.h */,
				3BCA6558F17645D79F3A0C04 /* SpinnerPlugin.m */,
				111BFF24BEE8479B80FB96DF /* MBProgressHUD.m */,
				35FA654D265B43158F87E811 /* SpinnerPlugin.h */,
				FE937CE776664194865170E5 /* MBProgressHUD.h */,
				704D491ED65C48EBACC47040 /* CDVSplashScreen.m */,
				30929EFD5E7544379C27DEED /* CDVViewController+SplashScreen.m */,
				0C73F8DDF2344505AB6C2817 /* CDVSplashScreen.h */,
				3CC2C2DA606248C5B48B4E19 /* CDVViewController+SplashScreen.h */,
				7D6CD76CDDEA45509EF8E1BC /* CDVStatusBar.m */,
				E1E6DE989D364206ACFB9927 /* CDVStatusBar.h */,
				DF5F7B9C023140A4979275C1 /* SQLitePlugin.m */,
				B827C89AD5EC4DF08C7DE298 /* PSPDFThreadSafeMutableDictionary.m */,
				1B525D36FE514D1BA5B92340 /* sqlite3.c */,
				4BFD246BE52E4C12B50241D4 /* SQLitePlugin.h */,
				31A8D240B2474549AB0A1522 /* PSPDFThreadSafeMutableDictionary.h */,
				1D650292BFA34878AD40639A /* sqlite3.h */,
				3578292236544539A0EB1BF1 /* CULPlugin.m */,
				6871AC01C90240119F0548D5 /* AppDelegate+CULPlugin.m */,
				809462C7718A46C7868B2962 /* CDVPluginResult+CULPlugin.m */,
				00435DE6EBDB4E4DA92A3BC1 /* CDVInvokedUrlCommand+CULPlugin.m */,
				B03327DD34094A51A4D79615 /* CULHost.m */,
				C425E467985940868AA1FA90 /* CULPath.m */,
				EE88EC8709D5499FAE200759 /* CULXmlTags.m */,
				B749E46A04864502886951BA /* CULConfigXmlParser.m */,
				D4097F9F0E244288B910ED3A /* CULConfigJsonParser.m */,
				60050B6949E4411F8B4872BE /* NSBundle+CULPlugin.m */,
				7FDA5D12C04B4BD9A7CAB655 /* CULPlugin.h */,
				9A27C0171C87427E9057E054 /* AppDelegate+CULPlugin.h */,
				B9969F1257F0464BA93B0717 /* CDVPluginResult+CULPlugin.h */,
				CE7C4EC43EE24C5BA4122403 /* CDVInvokedUrlCommand+CULPlugin.h */,
				7280B23EB564417CAE37C145 /* CULHost.h */,
				2EAFFCCBD8DF4BC3B764FA2A /* CULPath.h */,
				2F8DC8F2D2264CC49849EF72 /* CULXmlTags.h */,
				6C9FA29E01914B6181DA544F /* CULConfigXmlParser.h */,
				7D0E69D0A1DD4E90AD3F14CE /* CULConfigJsonParser.h */,
				7521CB4CFFE14B20AACEEBC9 /* NSBundle+CULPlugin.h */,
				C0D9D9063DAB4296B9F89B2F /* IonicKeyboard.m */,
				B02FF70A6D1642909C70A1E0 /* IonicKeyboard.h */,
				B4355C609AEE4E8CAECD88F0 /* OneSignalPush.m */,
				F78C83E67AB9412893C51F96 /* OneSignalPush.h */,
			);
			name = Plugins;
			path = Dezling/Plugins;
			sourceTree = SOURCE_ROOT;
		};
		EB87FDF11871DA420020F90C /* Staging */ = {
			isa = PBXGroup;
			children = (
				F840E1F0165FE0F500CFE078 /* config.xml */,
				301BF56E109A69640062928A /* www */,
			);
			name = Staging;
			sourceTree = "<group>";
		};
/* End PBXGroup section */

/* Begin PBXNativeTarget section */
		1D6058900D05DD3D006BFB54 /* Dezling */ = {
			isa = PBXNativeTarget;
			buildConfigurationList = 1D6058960D05DD3E006BFB54 /* Build configuration list for PBXNativeTarget "Dezling" */;
			buildPhases = (
				304B58A110DAC018002A0835 /* Copy www directory */,
				1D60588D0D05DD3D006BFB54 /* Resources */,
				1D60588E0D05DD3D006BFB54 /* Sources */,
				1D60588F0D05DD3D006BFB54 /* Frameworks */,
			);
			buildRules = (
			);
			dependencies = (
				301BF551109A68C00062928A /* PBXTargetDependency */,
			);
			name = Dezling;
			productName = Dezling;
			productReference = 1D6058910D05DD3D006BFB54 /* Dezling.app */;
			productType = "com.apple.product-type.application";
		};
/* End PBXNativeTarget section */

/* Begin PBXProject section */
		29B97313FDCFA39411CA2CEA /* Project object */ = {
			isa = PBXProject;
			attributes = {
				LastUpgradeCheck = 510;
				TargetAttributes = {
					1D6058900D05DD3D006BFB54 = {
						DevelopmentTeam = 75WW6V4VD4;
						ProvisioningStyle = Automatic;
						SystemCapabilities = {
							com.apple.Push = {
								enabled = 1;
							};
						};
					};
				};
			};
			buildConfigurationList = C01FCF4E08A954540054247B /* Build configuration list for PBXProject "Dezling" */;
			compatibilityVersion = "Xcode 3.2";
			developmentRegion = English;
			hasScannedForEncodings = 1;
			knownRegions = (
				en,
			);
			mainGroup = 29B97314FDCFA39411CA2CEA /* CustomTemplate */;
			projectDirPath = "";
			projectReferences = (
				{
					ProductGroup = 301BF52E109A57CC0062928A /* Products */;
					ProjectRef = 301BF52D109A57CC0062928A /* CordovaLib/CordovaLib.xcodeproj */;
				},
			);
			projectRoot = "";
			targets = (
				1D6058900D05DD3D006BFB54 /* Dezling */,
			);
		};
/* End PBXProject section */

/* Begin PBXReferenceProxy section */
		301BF535109A57CC0062928A /* libCordova.a */ = {
			isa = PBXReferenceProxy;
			fileType = archive.ar;
			path = libCordova.a;
			remoteRef = 301BF534109A57CC0062928A /* PBXContainerItemProxy */;
			sourceTree = BUILT_PRODUCTS_DIR;
		};
		468884DE21157566003BCD6D /* Cordova.framework */ = {
			isa = PBXReferenceProxy;
			fileType = wrapper.framework;
			path = Cordova.framework;
			remoteRef = 468884DD21157566003BCD6D /* PBXContainerItemProxy */;
			sourceTree = BUILT_PRODUCTS_DIR;
		};
/* End PBXReferenceProxy section */

/* Begin PBXResourcesBuildPhase section */
		1D60588D0D05DD3D006BFB54 /* Resources */ = {
			isa = PBXResourcesBuildPhase;
			buildActionMask = 2147483647;
			files = (
				302D95F214D2391D003F00A1 /* MainViewController.xib in Resources */,
				0207DA581B56EA530066E2B4 /* Images.xcassets in Resources */,
				6AFF5BF91D6E424B00AB3073 /* CDVLaunchScreen.storyboard in Resources */,
				B1DE38948E6A4EE19A990576 /* CDVNotification.bundle in Resources */,
				7E9A87D5894E4138B009EACF /* Dezling.entitlements in Resources */,
			);
			runOnlyForDeploymentPostprocessing = 0;
		};
/* End PBXResourcesBuildPhase section */

/* Begin PBXShellScriptBuildPhase section */
		304B58A110DAC018002A0835 /* Copy www directory */ = {
			isa = PBXShellScriptBuildPhase;
			buildActionMask = 2147483647;
			files = (
			);
			inputPaths = (
			);
			name = "Copy www directory";
			outputPaths = (
			);
			runOnlyForDeploymentPostprocessing = 0;
			shellPath = /bin/sh;
			shellScript = "NODEJS_PATH=/usr/local/bin; NVM_NODE_PATH=~/.nvm/versions/node/`nvm version 2>/dev/null`/bin; N_NODE_PATH=`find /usr/local/n/versions/node/* -maxdepth 0 -type d 2>/dev/null | tail -1`/bin; XCODE_NODE_PATH=`xcode-select --print-path`/usr/share/xcs/Node/bin; PATH=$NODEJS_PATH:$NVM_NODE_PATH:$N_NODE_PATH:$XCODE_NODE_PATH:$PATH && node cordova/lib/copy-www-build-step.js";
			showEnvVarsInLog = 0;
		};
/* End PBXShellScriptBuildPhase section */

/* Begin PBXSourcesBuildPhase section */
		1D60588E0D05DD3D006BFB54 /* Sources */ = {
			isa = PBXSourcesBuildPhase;
			buildActionMask = 2147483647;
			files = (
				1D60589B0D05DD56006BFB54 /* main.m in Sources */,
				1D3623260D0F684500981E51 /* AppDelegate.m in Sources */,
				302D95F114D2391D003F00A1 /* MainViewController.m in Sources */,
				323C3064562449A48E99A52E /* ActionSheet.m in Sources */,
				FAD483CF25C24A3298E2EEDA /* APPBadge.m in Sources */,
				853C3C7FE2BE4794AAC75664 /* CBTBrowserTab.m in Sources */,
				A438FB7E4E8D4154A5E30545 /* CDVBuildInfo.m in Sources */,
				19C5366C5A134873B38BCAA7 /* UIImage+CropScaleOrientation.m in Sources */,
				7363B33A6D0844F69AA9B51C /* CDVCamera.m in Sources */,
				EE3D7F5E7BC94AB9A0EBE444 /* CDVJpegHeaderWriter.m in Sources */,
				4A57243E62214A34B4F6322A /* CDVDevice.m in Sources */,
				4A05D5B5AB6B469C888626EC /* CDVNotification.m in Sources */,
				D784837F7E034CA0858A52D5 /* FacebookConnectPlugin.m in Sources */,
				3EB8C912939C40FB86D51D82 /* CDVLocation.m in Sources */,
				0948BFD8C03D448B9A03C55D /* UniversalAnalyticsPlugin.m in Sources */,
				E100B1F036324089B5A99988 /* CDVInAppBrowser.m in Sources */,
				9DD8EEB34D3C4BC0B206DD11 /* CDVConnection.m in Sources */,
				C53604A0B1FE423B810A3708 /* CDVReachability.m in Sources */,
				6E6E3E5F434747E1B36AD7FF /* SpinnerPlugin.m in Sources */,
				A6F63FF08A3E44B0B05D8E6F /* MBProgressHUD.m in Sources */,
				FDE994446C384829B84AD175 /* CDVSplashScreen.m in Sources */,
				1FCBC356F99547928B41BCA9 /* CDVViewController+SplashScreen.m in Sources */,
				43DA031A31914434A8A79210 /* CDVStatusBar.m in Sources */,
				228F421D4E1F484B81761E8F /* SQLitePlugin.m in Sources */,
				D4E939ADFCDA40728B8F7BFA /* PSPDFThreadSafeMutableDictionary.m in Sources */,
				090FD1595523480A91E70DEB /* sqlite3.c in Sources */,
				649DA4FE7DE44749A155B3C3 /* CULPlugin.m in Sources */,
				0C0A90D409F743B2B5734FB6 /* AppDelegate+CULPlugin.m in Sources */,
				B0A632AB04A447D891E193A1 /* CDVPluginResult+CULPlugin.m in Sources */,
				115C48F520BD4A36BC737F83 /* CDVInvokedUrlCommand+CULPlugin.m in Sources */,
				B8062C747A27484987065807 /* CULHost.m in Sources */,
				309403DC5576430CAA755BE3 /* CULPath.m in Sources */,
				BCF19584CEBC459D9222CBD2 /* CULXmlTags.m in Sources */,
				6F7E7B726D604AF0BC71CAEB /* CULConfigXmlParser.m in Sources */,
				1F23F83EAB6B40348F57326B /* CULConfigJsonParser.m in Sources */,
				14403E4AB1564C13973DC851 /* NSBundle+CULPlugin.m in Sources */,
				ABF0E996EB4648268F070EE8 /* IonicKeyboard.m in Sources */,
				50174B766D71468BAF036307 /* OneSignalPush.m in Sources */,
			);
			runOnlyForDeploymentPostprocessing = 0;
		};
/* End PBXSourcesBuildPhase section */

/* Begin PBXTargetDependency section */
		301BF551109A68C00062928A /* PBXTargetDependency */ = {
			isa = PBXTargetDependency;
			name = CordovaLib;
			targetProxy = 301BF550109A68C00062928A /* PBXContainerItemProxy */;
		};
/* End PBXTargetDependency section */

/* Begin XCBuildConfiguration section */
		1D6058940D05DD3E006BFB54 /* Debug */ = {
			isa = XCBuildConfiguration;
			baseConfigurationReference = 3047A50F1AB8059700498E2A /* build-debug.xcconfig */;
			buildSettings = {
				ALWAYS_SEARCH_USER_PATHS = NO;
				ASSETCATALOG_COMPILER_APPICON_NAME = AppIcon;
				ASSETCATALOG_COMPILER_LAUNCHIMAGE_NAME = LaunchImage;
				CLANG_ENABLE_MODULES = YES;
				CLANG_ENABLE_OBJC_ARC = YES;
				CODE_SIGN_ENTITLEMENTS = "Dezling/Resources/Dezling.entitlements";
				CODE_SIGN_IDENTITY = "iPhone Developer";
				CODE_SIGN_STYLE = Automatic;
				COPY_PHASE_STRIP = NO;
				DEVELOPMENT_TEAM = 75WW6V4VD4;
				FRAMEWORK_SEARCH_PATHS = (
					"$(inherited)",
					"\"Dezling/Plugins/cordova-plugin-facebook4\"",
					"\"Dezling/Plugins/cordova-plugin-facebook4\"",
					"\"Dezling/Plugins/cordova-plugin-facebook4\"",
					"\"Dezling/Plugins/cordova-plugin-facebook4\"",
				);
				GCC_DYNAMIC_NO_PIC = NO;
				GCC_OPTIMIZATION_LEVEL = 0;
				GCC_PRECOMPILE_PREFIX_HEADER = YES;
				GCC_PREFIX_HEADER = "Dezling/Dezling-Prefix.pch";
				GCC_THUMB_SUPPORT = NO;
				GCC_VERSION = "";
				INFOPLIST_FILE = "Dezling/Dezling-Info.plist";
				IPHONEOS_DEPLOYMENT_TARGET = 9.0;
				LD_RUNPATH_SEARCH_PATHS = "@executable_path/Frameworks";
				LIBRARY_SEARCH_PATHS = (
					"$(inherited)",
					"\"$(SRCROOT)/Dezling/Plugins/cordova-plugin-google-analytics\"",
					"\"$(SRCROOT)/Dezling/Plugins/cordova-plugin-google-analytics\"",
				);
				PRODUCT_NAME = Dezling;
				PROVISIONING_PROFILE_SPECIFIER = "";
				TARGETED_DEVICE_FAMILY = 1;
			};
			name = Debug;
		};
		1D6058950D05DD3E006BFB54 /* Release */ = {
			isa = XCBuildConfiguration;
			baseConfigurationReference = 3047A5101AB8059700498E2A /* build-release.xcconfig */;
			buildSettings = {
				ALWAYS_SEARCH_USER_PATHS = NO;
				ASSETCATALOG_COMPILER_APPICON_NAME = AppIcon;
				ASSETCATALOG_COMPILER_LAUNCHIMAGE_NAME = LaunchImage;
				CLANG_ENABLE_MODULES = YES;
				CLANG_ENABLE_OBJC_ARC = YES;
				CODE_SIGN_ENTITLEMENTS = "Dezling/Resources/Dezling.entitlements";
				CODE_SIGN_IDENTITY = "iPhone Developer";
				CODE_SIGN_STYLE = Automatic;
				COPY_PHASE_STRIP = YES;
				DEVELOPMENT_TEAM = 75WW6V4VD4;
				FRAMEWORK_SEARCH_PATHS = (
					"$(inherited)",
					"\"Dezling/Plugins/cordova-plugin-facebook4\"",
					"\"Dezling/Plugins/cordova-plugin-facebook4\"",
					"\"Dezling/Plugins/cordova-plugin-facebook4\"",
					"\"Dezling/Plugins/cordova-plugin-facebook4\"",
				);
				GCC_PRECOMPILE_PREFIX_HEADER = YES;
				GCC_PREFIX_HEADER = "Dezling/Dezling-Prefix.pch";
				GCC_THUMB_SUPPORT = NO;
				GCC_VERSION = "";
				INFOPLIST_FILE = "Dezling/Dezling-Info.plist";
				IPHONEOS_DEPLOYMENT_TARGET = 9.0;
				LD_RUNPATH_SEARCH_PATHS = "@executable_path/Frameworks";
				LIBRARY_SEARCH_PATHS = (
					"$(inherited)",
					"\"$(SRCROOT)/Dezling/Plugins/cordova-plugin-google-analytics\"",
					"\"$(SRCROOT)/Dezling/Plugins/cordova-plugin-google-analytics\"",
				);
				PRODUCT_NAME = Dezling;
				PROVISIONING_PROFILE_SPECIFIER = "";
				TARGETED_DEVICE_FAMILY = 1;
			};
			name = Release;
		};
		C01FCF4F08A954540054247B /* Debug */ = {
			isa = XCBuildConfiguration;
			baseConfigurationReference = 3047A5111AB8059700498E2A /* build.xcconfig */;
			buildSettings = {
				CLANG_ENABLE_MODULES = YES;
				CLANG_ENABLE_OBJC_ARC = YES;
				CLANG_WARN_BOOL_CONVERSION = YES;
				CLANG_WARN_CONSTANT_CONVERSION = YES;
				CLANG_WARN_EMPTY_BODY = YES;
				CLANG_WARN_ENUM_CONVERSION = YES;
				CLANG_WARN_INT_CONVERSION = YES;
				CLANG_WARN__DUPLICATE_METHOD_MATCH = YES;
				CODE_SIGN_ENTITLEMENTS = "Dezling/Resources/Dezling.entitlements";
				GCC_C_LANGUAGE_STANDARD = c99;
				GCC_THUMB_SUPPORT = NO;
				GCC_VERSION = "";
				GCC_WARN_ABOUT_RETURN_TYPE = YES;
				GCC_WARN_UNDECLARED_SELECTOR = YES;
				GCC_WARN_UNINITIALIZED_AUTOS = YES;
				GCC_WARN_UNUSED_FUNCTION = YES;
				GCC_WARN_UNUSED_VARIABLE = YES;
				IPHONEOS_DEPLOYMENT_TARGET = 8.0;
				ONLY_ACTIVE_ARCH = YES;
				SDKROOT = iphoneos;
				SKIP_INSTALL = NO;
			};
			name = Debug;
		};
		C01FCF5008A954540054247B /* Release */ = {
			isa = XCBuildConfiguration;
			baseConfigurationReference = 3047A5111AB8059700498E2A /* build.xcconfig */;
			buildSettings = {
				CLANG_ENABLE_MODULES = YES;
				CLANG_ENABLE_OBJC_ARC = YES;
				CLANG_WARN_BOOL_CONVERSION = YES;
				CLANG_WARN_CONSTANT_CONVERSION = YES;
				CLANG_WARN_EMPTY_BODY = YES;
				CLANG_WARN_ENUM_CONVERSION = YES;
				CLANG_WARN_INT_CONVERSION = YES;
				CLANG_WARN__DUPLICATE_METHOD_MATCH = YES;
				CODE_SIGN_ENTITLEMENTS = "Dezling/Resources/Dezling.entitlements";
				GCC_C_LANGUAGE_STANDARD = c99;
				GCC_THUMB_SUPPORT = NO;
				GCC_VERSION = "";
				GCC_WARN_ABOUT_RETURN_TYPE = YES;
				GCC_WARN_UNDECLARED_SELECTOR = YES;
				GCC_WARN_UNINITIALIZED_AUTOS = YES;
				GCC_WARN_UNUSED_FUNCTION = YES;
				GCC_WARN_UNUSED_VARIABLE = YES;
				IPHONEOS_DEPLOYMENT_TARGET = 8.0;
				SDKROOT = iphoneos;
				SKIP_INSTALL = NO;
			};
			name = Release;
		};
/* End XCBuildConfiguration section */

/* Begin XCConfigurationList section */
		1D6058960D05DD3E006BFB54 /* Build configuration list for PBXNativeTarget "Dezling" */ = {
			isa = XCConfigurationList;
			buildConfigurations = (
				1D6058940D05DD3E006BFB54 /* Debug */,
				1D6058950D05DD3E006BFB54 /* Release */,
			);
			defaultConfigurationIsVisible = 0;
			defaultConfigurationName = Release;
		};
		C01FCF4E08A954540054247B /* Build configuration list for PBXProject "Dezling" */ = {
			isa = XCConfigurationList;
			buildConfigurations = (
				C01FCF4F08A954540054247B /* Debug */,
				C01FCF5008A954540054247B /* Release */,
			);
			defaultConfigurationIsVisible = 0;
			defaultConfigurationName = Release;
		};
/* End XCConfigurationList section */
	};
	rootObject = 29B97313FDCFA39411CA2CEA /* Project object */;
}
